
Microsoft Visual Studio Solution File, Format Version 12.00
# Visual Studio Version 17
VisualStudioVersion = 17.7.34221.43
MinimumVisualStudioVersion = 10.0.40219.1
Project("{FAE04EC0-301F-11D3-BF4B-00C04F79EFBC}") = "FPT_Ex13", "FPT_Ex13.csproj", "{ED804AF6-AC74-4475-812E-90DFF6A3FD51}"
EndProject
Global
	GlobalSection(SolutionConfigurationPlatforms) = preSolution
		Debug|Any CPU = Debug|Any CPU
		Release|Any CPU = Release|Any CPU
	EndGlobalSection
	GlobalSection(ProjectConfigurationPlatforms) = postSolution
		{ED804AF6-AC74-4475-812E-90DFF6A3FD51}.Debug|Any CPU.ActiveCfg = Debug|Any CPU
		{ED804AF6-AC74-4475-812E-90DFF6A3FD51}.Debug|Any CPU.Build.0 = Debug|Any CPU
		{ED804AF6-AC74-4475-812E-90DFF6A3FD51}.Release|Any CPU.ActiveCfg = Release|Any CPU
		{ED804AF6-AC74-4475-812E-90DFF6A3FD51}.Release|Any CPU.Build.0 = Release|Any CPU
	EndGlobalSection
	GlobalSection(SolutionProperties) = preSolution
		HideSolutionNode = FALSE
	EndGlobalSection
	GlobalSection(ExtensibilityGlobals) = postSolution
		SolutionGuid = {7D1E5F93-E823-4117-9D81-949680AA0ED1}
	EndGlobalSection
EndGlobal
